// !$*UTF8*$!
{
	archiveVersion = 1;
	classes = {
	};
	objectVersion = 46;
	objects = {

/* Begin PBXBuildFile section */
		9316AB3A1A8355440027AC7C /* GWMSelectedFriendsViewController.swift in Sources */ = {isa = PBXBuildFile; fileRef = 9316AB391A8355440027AC7C /* GWMSelectedFriendsViewController.swift */; };
		9316AB3B1A8355440027AC7C /* GWMSelectedFriendsViewController.swift in Sources */ = {isa = PBXBuildFile; fileRef = 9316AB391A8355440027AC7C /* GWMSelectedFriendsViewController.swift */; };
		9316AB3D1A83556B0027AC7C /* GWMActionsViewController.swift in Sources */ = {isa = PBXBuildFile; fileRef = 9316AB3C1A83556B0027AC7C /* GWMActionsViewController.swift */; };
		9316AB3E1A83556B0027AC7C /* GWMActionsViewController.swift in Sources */ = {isa = PBXBuildFile; fileRef = 9316AB3C1A83556B0027AC7C /* GWMActionsViewController.swift */; };
		9316AB401A83573A0027AC7C /* GWMSelectedFriendsModel.swift in Sources */ = {isa = PBXBuildFile; fileRef = 9316AB3F1A83573A0027AC7C /* GWMSelectedFriendsModel.swift */; };
		9316AB411A83573A0027AC7C /* GWMSelectedFriendsModel.swift in Sources */ = {isa = PBXBuildFile; fileRef = 9316AB3F1A83573A0027AC7C /* GWMSelectedFriendsModel.swift */; };
		9344D12E1A739C1E00748031 /* AppDelegate.swift in Sources */ = {isa = PBXBuildFile; fileRef = 9344D12D1A739C1E00748031 /* AppDelegate.swift */; };
		9344D1331A739C1E00748031 /* Main.storyboard in Resources */ = {isa = PBXBuildFile; fileRef = 9344D1311A739C1E00748031 /* Main.storyboard */; };
		9344D1351A739C1E00748031 /* Images.xcassets in Resources */ = {isa = PBXBuildFile; fileRef = 9344D1341A739C1E00748031 /* Images.xcassets */; };
		9344D1381A739C1E00748031 /* LaunchScreen.xib in Resources */ = {isa = PBXBuildFile; fileRef = 9344D1361A739C1E00748031 /* LaunchScreen.xib */; };
		9344D1441A739C1E00748031 /* GowithMeTests.swift in Sources */ = {isa = PBXBuildFile; fileRef = 9344D1431A739C1E00748031 /* GowithMeTests.swift */; };
		936787241A7FC0B500600844 /* GWMAnnotation.swift in Sources */ = {isa = PBXBuildFile; fileRef = 936787231A7FC0B500600844 /* GWMAnnotation.swift */; };
		936787251A7FC0B500600844 /* GWMAnnotation.swift in Sources */ = {isa = PBXBuildFile; fileRef = 936787231A7FC0B500600844 /* GWMAnnotation.swift */; };
		936787271A7FC0D400600844 /* GWMMapViewController.swift in Sources */ = {isa = PBXBuildFile; fileRef = 936787261A7FC0D400600844 /* GWMMapViewController.swift */; };
		936787281A7FC0D400600844 /* GWMMapViewController.swift in Sources */ = {isa = PBXBuildFile; fileRef = 936787261A7FC0D400600844 /* GWMMapViewController.swift */; };
		936787331A80F1CB00600844 /* GWMFriendViewController.swift in Sources */ = {isa = PBXBuildFile; fileRef = 936787321A80F1CB00600844 /* GWMFriendViewController.swift */; };
		936787341A80F1CB00600844 /* GWMFriendViewController.swift in Sources */ = {isa = PBXBuildFile; fileRef = 936787321A80F1CB00600844 /* GWMFriendViewController.swift */; };
		936787361A80F77000600844 /* GWMContactsModel.swift in Sources */ = {isa = PBXBuildFile; fileRef = 936787351A80F77000600844 /* GWMContactsModel.swift */; };
		936787371A80F77000600844 /* GWMContactsModel.swift in Sources */ = {isa = PBXBuildFile; fileRef = 936787351A80F77000600844 /* GWMContactsModel.swift */; };
		936787391A80F83E00600844 /* GWMFriendModel.swift in Sources */ = {isa = PBXBuildFile; fileRef = 936787381A80F83E00600844 /* GWMFriendModel.swift */; };
		9367873A1A80F83E00600844 /* GWMFriendModel.swift in Sources */ = {isa = PBXBuildFile; fileRef = 936787381A80F83E00600844 /* GWMFriendModel.swift */; };
		93E897F61A8898FE006BB096 /* GWMFriendIconView.swift in Sources */ = {isa = PBXBuildFile; fileRef = 93E897F51A8898FE006BB096 /* GWMFriendIconView.swift */; };
		93E897F71A8898FE006BB096 /* GWMFriendIconView.swift in Sources */ = {isa = PBXBuildFile; fileRef = 93E897F51A8898FE006BB096 /* GWMFriendIconView.swift */; };
		DD514BC21A78B84A004CF14D /* CoreLocation.framework in Frameworks */ = {isa = PBXBuildFile; fileRef = DD514BC11A78B84A004CF14D /* CoreLocation.framework */; };
/* End PBXBuildFile section */

/* Begin PBXContainerItemProxy section */
		9344D13E1A739C1E00748031 /* PBXContainerItemProxy */ = {
			isa = PBXContainerItemProxy;
			containerPortal = 9344D1201A739C1E00748031 /* Project object */;
			proxyType = 1;
			remoteGlobalIDString = 9344D1271A739C1E00748031;
			remoteInfo = GowithMe;
		};
/* End PBXContainerItemProxy section */

/* Begin PBXFileReference section */
		9316AB391A8355440027AC7C /* GWMSelectedFriendsViewController.swift */ = {isa = PBXFileReference; fileEncoding = 4; lastKnownFileType = sourcecode.swift; path = GWMSelectedFriendsViewController.swift; sourceTree = "<group>"; };
		9316AB3C1A83556B0027AC7C /* GWMActionsViewController.swift */ = {isa = PBXFileReference; fileEncoding = 4; lastKnownFileType = sourcecode.swift; path = GWMActionsViewController.swift; sourceTree = "<group>"; };
		9316AB3F1A83573A0027AC7C /* GWMSelectedFriendsModel.swift */ = {isa = PBXFileReference; fileEncoding = 4; lastKnownFileType = sourcecode.swift; path = GWMSelectedFriendsModel.swift; sourceTree = "<group>"; };
		9344D1281A739C1E00748031 /* GowithMe.app */ = {isa = PBXFileReference; explicitFileType = wrapper.application; includeInIndex = 0; path = GowithMe.app; sourceTree = BUILT_PRODUCTS_DIR; };
		9344D12C1A739C1E00748031 /* Info.plist */ = {isa = PBXFileReference; lastKnownFileType = text.plist.xml; path = Info.plist; sourceTree = "<group>"; };
		9344D12D1A739C1E00748031 /* AppDelegate.swift */ = {isa = PBXFileReference; lastKnownFileType = sourcecode.swift; path = AppDelegate.swift; sourceTree = "<group>"; };
		9344D1321A739C1E00748031 /* Base */ = {isa = PBXFileReference; lastKnownFileType = file.storyboard; name = Base; path = Base.lproj/Main.storyboard; sourceTree = "<group>"; };
		9344D1341A739C1E00748031 /* Images.xcassets */ = {isa = PBXFileReference; lastKnownFileType = folder.assetcatalog; path = Images.xcassets; sourceTree = "<group>"; };
		9344D1371A739C1E00748031 /* Base */ = {isa = PBXFileReference; lastKnownFileType = file.xib; name = Base; path = Base.lproj/LaunchScreen.xib; sourceTree = "<group>"; };
		9344D13D1A739C1E00748031 /* GowithMeTests.xctest */ = {isa = PBXFileReference; explicitFileType = wrapper.cfbundle; includeInIndex = 0; path = GowithMeTests.xctest; sourceTree = BUILT_PRODUCTS_DIR; };
		9344D1421A739C1E00748031 /* Info.plist */ = {isa = PBXFileReference; lastKnownFileType = text.plist.xml; path = Info.plist; sourceTree = "<group>"; };
		9344D1431A739C1E00748031 /* GowithMeTests.swift */ = {isa = PBXFileReference; lastKnownFileType = sourcecode.swift; path = GowithMeTests.swift; sourceTree = "<group>"; };
		936787231A7FC0B500600844 /* GWMAnnotation.swift */ = {isa = PBXFileReference; fileEncoding = 4; lastKnownFileType = sourcecode.swift; name = GWMAnnotation.swift; path = MapView/GWMAnnotation.swift; sourceTree = "<group>"; };
		936787261A7FC0D400600844 /* GWMMapViewController.swift */ = {isa = PBXFileReference; fileEncoding = 4; lastKnownFileType = sourcecode.swift; name = GWMMapViewController.swift; path = MapView/GWMMapViewController.swift; sourceTree = "<group>"; };
		936787321A80F1CB00600844 /* GWMFriendViewController.swift */ = {isa = PBXFileReference; fileEncoding = 4; lastKnownFileType = sourcecode.swift; path = GWMFriendViewController.swift; sourceTree = "<group>"; };
		936787351A80F77000600844 /* GWMContactsModel.swift */ = {isa = PBXFileReference; fileEncoding = 4; lastKnownFileType = sourcecode.swift; path = GWMContactsModel.swift; sourceTree = "<group>"; };
		936787381A80F83E00600844 /* GWMFriendModel.swift */ = {isa = PBXFileReference; fileEncoding = 4; lastKnownFileType = sourcecode.swift; path = GWMFriendModel.swift; sourceTree = "<group>"; };
		93E897F51A8898FE006BB096 /* GWMFriendIconView.swift */ = {isa = PBXFileReference; fileEncoding = 4; lastKnownFileType = sourcecode.swift; path = GWMFriendIconView.swift; sourceTree = "<group>"; };
		DD514BC11A78B84A004CF14D /* CoreLocation.framework */ = {isa = PBXFileReference; lastKnownFileType = wrapper.framework; name = CoreLocation.framework; path = System/Library/Frameworks/CoreLocation.framework; sourceTree = SDKROOT; };
/* End PBXFileReference section */

/* Begin PBXFrameworksBuildPhase section */
		9344D1251A739C1E00748031 /* Frameworks */ = {
			isa = PBXFrameworksBuildPhase;
			buildActionMask = 2147483647;
			files = (
				DD514BC21A78B84A004CF14D /* CoreLocation.framework in Frameworks */,
			);
			runOnlyForDeploymentPostprocessing = 0;
		};
		9344D13A1A739C1E00748031 /* Frameworks */ = {
			isa = PBXFrameworksBuildPhase;
			buildActionMask = 2147483647;
			files = (
			);
			runOnlyForDeploymentPostprocessing = 0;
		};
/* End PBXFrameworksBuildPhase section */

/* Begin PBXGroup section */
		9344D11F1A739C1E00748031 = {
			isa = PBXGroup;
			children = (
				9344D12A1A739C1E00748031 /* GowithMe */,
				9344D1401A739C1E00748031 /* GowithMeTests */,
				DD514BBE1A78B820004CF14D /* Frameworks */,
				9344D1291A739C1E00748031 /* Products */,
			);
			sourceTree = "<group>";
		};
		9344D1291A739C1E00748031 /* Products */ = {
			isa = PBXGroup;
			children = (
				9344D1281A739C1E00748031 /* GowithMe.app */,
				9344D13D1A739C1E00748031 /* GowithMeTests.xctest */,
			);
			name = Products;
			sourceTree = "<group>";
		};
		9344D12A1A739C1E00748031 /* GowithMe */ = {
			isa = PBXGroup;
			children = (
				936787311A80F1A700600844 /* FriendsView */,
				936787221A7FC07600600844 /* MapView */,
				9344D12B1A739C1E00748031 /* Supporting Files */,
			);
			path = GowithMe;
			sourceTree = "<group>";
		};
		9344D12B1A739C1E00748031 /* Supporting Files */ = {
			isa = PBXGroup;
			children = (
				9344D1311A739C1E00748031 /* Main.storyboard */,
				9344D1341A739C1E00748031 /* Images.xcassets */,
				9344D1361A739C1E00748031 /* LaunchScreen.xib */,
				9344D12D1A739C1E00748031 /* AppDelegate.swift */,
				9344D12C1A739C1E00748031 /* Info.plist */,
			);
			name = "Supporting Files";
			sourceTree = "<group>";
		};
		9344D1401A739C1E00748031 /* GowithMeTests */ = {
			isa = PBXGroup;
			children = (
				9344D1431A739C1E00748031 /* GowithMeTests.swift */,
				9344D1411A739C1E00748031 /* Supporting Files */,
			);
			path = GowithMeTests;
			sourceTree = "<group>";
		};
		9344D1411A739C1E00748031 /* Supporting Files */ = {
			isa = PBXGroup;
			children = (
				9344D1421A739C1E00748031 /* Info.plist */,
			);
			name = "Supporting Files";
			sourceTree = "<group>";
		};
		936787221A7FC07600600844 /* MapView */ = {
			isa = PBXGroup;
			children = (
				936787261A7FC0D400600844 /* GWMMapViewController.swift */,
				936787231A7FC0B500600844 /* GWMAnnotation.swift */,
			);
			name = MapView;
			sourceTree = "<group>";
		};
		936787311A80F1A700600844 /* FriendsView */ = {
			isa = PBXGroup;
			children = (
				936787321A80F1CB00600844 /* GWMFriendViewController.swift */,
				9316AB391A8355440027AC7C /* GWMSelectedFriendsViewController.swift */,
				9316AB3C1A83556B0027AC7C /* GWMActionsViewController.swift */,
				9316AB3F1A83573A0027AC7C /* GWMSelectedFriendsModel.swift */,
				936787351A80F77000600844 /* GWMContactsModel.swift */,
				936787381A80F83E00600844 /* GWMFriendModel.swift */,
				93E897F51A8898FE006BB096 /* GWMFriendIconView.swift */,
			);
			path = FriendsView;
			sourceTree = "<group>";
		};
		DD514BBE1A78B820004CF14D /* Frameworks */ = {
			isa = PBXGroup;
			children = (
				DD514BC11A78B84A004CF14D /* CoreLocation.framework */,
			);
			name = Frameworks;
			sourceTree = "<group>";
		};
/* End PBXGroup section */

/* Begin PBXNativeTarget section */
		9344D1271A739C1E00748031 /* GowithMe */ = {
			isa = PBXNativeTarget;
			buildConfigurationList = 9344D1471A739C1E00748031 /* Build configuration list for PBXNativeTarget "GowithMe" */;
			buildPhases = (
				9344D1241A739C1E00748031 /* Sources */,
				9344D1251A739C1E00748031 /* Frameworks */,
				9344D1261A739C1E00748031 /* Resources */,
			);
			buildRules = (
			);
			dependencies = (
			);
			name = GowithMe;
			productName = GowithMe;
			productReference = 9344D1281A739C1E00748031 /* GowithMe.app */;
			productType = "com.apple.product-type.application";
		};
		9344D13C1A739C1E00748031 /* GowithMeTests */ = {
			isa = PBXNativeTarget;
			buildConfigurationList = 9344D14A1A739C1E00748031 /* Build configuration list for PBXNativeTarget "GowithMeTests" */;
			buildPhases = (
				9344D1391A739C1E00748031 /* Sources */,
				9344D13A1A739C1E00748031 /* Frameworks */,
				9344D13B1A739C1E00748031 /* Resources */,
			);
			buildRules = (
			);
			dependencies = (
				9344D13F1A739C1E00748031 /* PBXTargetDependency */,
			);
			name = GowithMeTests;
			productName = GowithMeTests;
			productReference = 9344D13D1A739C1E00748031 /* GowithMeTests.xctest */;
			productType = "com.apple.product-type.bundle.unit-test";
		};
/* End PBXNativeTarget section */

/* Begin PBXProject section */
		9344D1201A739C1E00748031 /* Project object */ = {
			isa = PBXProject;
			attributes = {
				LastUpgradeCheck = 0610;
				ORGANIZATIONNAME = Aaron;
				TargetAttributes = {
					9344D1271A739C1E00748031 = {
						CreatedOnToolsVersion = 6.1.1;
						DevelopmentTeam = 9KZD7Y4SX6;
						SystemCapabilities = {
							com.apple.Maps.iOS = {
								enabled = 0;
							};
						};
					};
					9344D13C1A739C1E00748031 = {
						CreatedOnToolsVersion = 6.1.1;
						TestTargetID = 9344D1271A739C1E00748031;
					};
				};
			};
			buildConfigurationList = 9344D1231A739C1E00748031 /* Build configuration list for PBXProject "GowithMe" */;
			compatibilityVersion = "Xcode 3.2";
			developmentRegion = English;
			hasScannedForEncodings = 0;
			knownRegions = (
				en,
				Base,
			);
			mainGroup = 9344D11F1A739C1E00748031;
			productRefGroup = 9344D1291A739C1E00748031 /* Products */;
			projectDirPath = "";
			projectRoot = "";
			targets = (
				9344D1271A739C1E00748031 /* GowithMe */,
				9344D13C1A739C1E00748031 /* GowithMeTests */,
			);
		};
/* End PBXProject section */

/* Begin PBXResourcesBuildPhase section */
		9344D1261A739C1E00748031 /* Resources */ = {
			isa = PBXResourcesBuildPhase;
			buildActionMask = 2147483647;
			files = (
				9344D1331A739C1E00748031 /* Main.storyboard in Resources */,
				9344D1381A739C1E00748031 /* LaunchScreen.xib in Resources */,
				9344D1351A739C1E00748031 /* Images.xcassets in Resources */,
			);
			runOnlyForDeploymentPostprocessing = 0;
		};
		9344D13B1A739C1E00748031 /* Resources */ = {
			isa = PBXResourcesBuildPhase;
			buildActionMask = 2147483647;
			files = (
			);
			runOnlyForDeploymentPostprocessing = 0;
		};
/* End PBXResourcesBuildPhase section */

/* Begin PBXSourcesBuildPhase section */
		9344D1241A739C1E00748031 /* Sources */ = {
			isa = PBXSourcesBuildPhase;
			buildActionMask = 2147483647;
			files = (
				9316AB3A1A8355440027AC7C /* GWMSelectedFriendsViewController.swift in Sources */,
				9344D12E1A739C1E00748031 /* AppDelegate.swift in Sources */,
				936787391A80F83E00600844 /* GWMFriendModel.swift in Sources */,
				936787241A7FC0B500600844 /* GWMAnnotation.swift in Sources */,
				9316AB3D1A83556B0027AC7C /* GWMActionsViewController.swift in Sources */,
				936787361A80F77000600844 /* GWMContactsModel.swift in Sources */,
				9316AB401A83573A0027AC7C /* GWMSelectedFriendsModel.swift in Sources */,
				936787331A80F1CB00600844 /* GWMFriendViewController.swift in Sources */,
				93E897F61A8898FE006BB096 /* GWMFriendIconView.swift in Sources */,
				936787271A7FC0D400600844 /* GWMMapViewController.swift in Sources */,
			);
			runOnlyForDeploymentPostprocessing = 0;
		};
		9344D1391A739C1E00748031 /* Sources */ = {
			isa = PBXSourcesBuildPhase;
			buildActionMask = 2147483647;
			files = (
				9316AB3B1A8355440027AC7C /* GWMSelectedFriendsViewController.swift in Sources */,
				9344D1441A739C1E00748031 /* GowithMeTests.swift in Sources */,
				9367873A1A80F83E00600844 /* GWMFriendModel.swift in Sources */,
				936787251A7FC0B500600844 /* GWMAnnotation.swift in Sources */,
				9316AB3E1A83556B0027AC7C /* GWMActionsViewController.swift in Sources */,
				936787371A80F77000600844 /* GWMContactsModel.swift in Sources */,
				9316AB411A83573A0027AC7C /* GWMSelectedFriendsModel.swift in Sources */,
				936787341A80F1CB00600844 /* GWMFriendViewController.swift in Sources */,
				93E897F71A8898FE006BB096 /* GWMFriendIconView.swift in Sources */,
				936787281A7FC0D400600844 /* GWMMapViewController.swift in Sources */,
			);
			runOnlyForDeploymentPostprocessing = 0;
		};
/* End PBXSourcesBuildPhase section */

/* Begin PBXTargetDependency section */
		9344D13F1A739C1E00748031 /* PBXTargetDependency */ = {
			isa = PBXTargetDependency;
			target = 9344D1271A739C1E00748031 /* GowithMe */;
			targetProxy = 9344D13E1A739C1E00748031 /* PBXContainerItemProxy */;
		};
/* End PBXTargetDependency section */

/* Begin PBXVariantGroup section */
		9344D1311A739C1E00748031 /* Main.storyboard */ = {
			isa = PBXVariantGroup;
			children = (
				9344D1321A739C1E00748031 /* Base */,
			);
			name = Main.storyboard;
			sourceTree = "<group>";
		};
		9344D1361A739C1E00748031 /* LaunchScreen.xib */ = {
			isa = PBXVariantGroup;
			children = (
				9344D1371A739C1E00748031 /* Base */,
			);
			name = LaunchScreen.xib;
			sourceTree = "<group>";
		};
/* End PBXVariantGroup section */

/* Begin XCBuildConfiguration section */
		9344D1451A739C1E00748031 /* Debug */ = {
			isa = XCBuildConfiguration;
			buildSettings = {
				ALWAYS_SEARCH_USER_PATHS = NO;
				CLANG_CXX_LANGUAGE_STANDARD = "gnu++0x";
				CLANG_CXX_LIBRARY = "libc++";
				CLANG_ENABLE_MODULES = YES;
				CLANG_ENABLE_OBJC_ARC = YES;
				CLANG_WARN_BOOL_CONVERSION = YES;
				CLANG_WARN_CONSTANT_CONVERSION = YES;
				CLANG_WARN_DIRECT_OBJC_ISA_USAGE = YES_ERROR;
				CLANG_WARN_EMPTY_BODY = YES;
				CLANG_WARN_ENUM_CONVERSION = YES;
				CLANG_WARN_INT_CONVERSION = YES;
				CLANG_WARN_OBJC_ROOT_CLASS = YES_ERROR;
				CLANG_WARN_UNREACHABLE_CODE = YES;
				CLANG_WARN__DUPLICATE_METHOD_MATCH = YES;
				"CODE_SIGN_IDENTITY[sdk=iphoneos*]" = "iPhone Developer";
				COPY_PHASE_STRIP = NO;
				ENABLE_STRICT_OBJC_MSGSEND = YES;
				GCC_C_LANGUAGE_STANDARD = gnu99;
				GCC_DYNAMIC_NO_PIC = NO;
				GCC_OPTIMIZATION_LEVEL = 0;
				GCC_PREPROCESSOR_DEFINITIONS = (
					"DEBUG=1",
					"$(inherited)",
				);
				GCC_SYMBOLS_PRIVATE_EXTERN = NO;
				GCC_WARN_64_TO_32_BIT_CONVERSION = YES;
				GCC_WARN_ABOUT_RETURN_TYPE = YES_ERROR;
				GCC_WARN_UNDECLARED_SELECTOR = YES;
				GCC_WARN_UNINITIALIZED_AUTOS = YES_AGGRESSIVE;
				GCC_WARN_UNUSED_FUNCTION = YES;
				GCC_WARN_UNUSED_VARIABLE = YES;
				IPHONEOS_DEPLOYMENT_TARGET = 8.1;
				MTL_ENABLE_DEBUG_INFO = YES;
				ONLY_ACTIVE_ARCH = YES;
				SDKROOT = iphoneos;
				SWIFT_OPTIMIZATION_LEVEL = "-Onone";
			};
			name = Debug;
		};
		9344D1461A739C1E00748031 /* Release */ = {
			isa = XCBuildConfiguration;
			buildSettings = {
				ALWAYS_SEARCH_USER_PATHS = NO;
				CLANG_CXX_LANGUAGE_STANDARD = "gnu++0x";
				CLANG_CXX_LIBRARY = "libc++";
				CLANG_ENABLE_MODULES = YES;
				CLANG_ENABLE_OBJC_ARC = YES;
				CLANG_WARN_BOOL_CONVERSION = YES;
				CLANG_WARN_CONSTANT_CONVERSION = YES;
				CLANG_WARN_DIRECT_OBJC_ISA_USAGE = YES_ERROR;
				CLANG_WARN_EMPTY_BODY = YES;
				CLANG_WARN_ENUM_CONVERSION = YES;
				CLANG_WARN_INT_CONVERSION = YES;
				CLANG_WARN_OBJC_ROOT_CLASS = YES_ERROR;
				CLANG_WARN_UNREACHABLE_CODE = YES;
				CLANG_WARN__DUPLICATE_METHOD_MATCH = YES;
				"CODE_SIGN_IDENTITY[sdk=iphoneos*]" = "iPhone Developer";
				COPY_PHASE_STRIP = YES;
				ENABLE_NS_ASSERTIONS = NO;
				ENABLE_STRICT_OBJC_MSGSEND = YES;
				GCC_C_LANGUAGE_STANDARD = gnu99;
				GCC_WARN_64_TO_32_BIT_CONVERSION = YES;
				GCC_WARN_ABOUT_RETURN_TYPE = YES_ERROR;
				GCC_WARN_UNDECLARED_SELECTOR = YES;
				GCC_WARN_UNINITIALIZED_AUTOS = YES_AGGRESSIVE;
				GCC_WARN_UNUSED_FUNCTION = YES;
				GCC_WARN_UNUSED_VARIABLE = YES;
				IPHONEOS_DEPLOYMENT_TARGET = 8.1;
				MTL_ENABLE_DEBUG_INFO = NO;
				SDKROOT = iphoneos;
				VALIDATE_PRODUCT = YES;
			};
			name = Release;
		};
		9344D1481A739C1E00748031 /* Debug */ = {
			isa = XCBuildConfiguration;
			buildSettings = {
				ASSETCATALOG_COMPILER_APPICON_NAME = AppIcon;
				CODE_SIGN_IDENTITY = "iPhone Developer";
				"CODE_SIGN_IDENTITY[sdk=iphoneos*]" = "iPhone Developer";
				INFOPLIST_FILE = GowithMe/Info.plist;
				LD_RUNPATH_SEARCH_PATHS = "$(inherited) @executable_path/Frameworks";
				PRODUCT_NAME = "$(TARGET_NAME)";
				PROVISIONING_PROFILE = "";
			};
			name = Debug;
		};
		9344D1491A739C1E00748031 /* Release */ = {
			isa = XCBuildConfiguration;
			buildSettings = {
				ASSETCATALOG_COMPILER_APPICON_NAME = AppIcon;
				CODE_SIGN_IDENTITY = "iPhone Developer";
				"CODE_SIGN_IDENTITY[sdk=iphoneos*]" = "iPhone Developer";
				INFOPLIST_FILE = GowithMe/Info.plist;
				LD_RUNPATH_SEARCH_PATHS = "$(inherited) @executable_path/Frameworks";
				PRODUCT_NAME = "$(TARGET_NAME)";
				PROVISIONING_PROFILE = "";
			};
			name = Release;
		};
		9344D14B1A739C1E00748031 /* Debug */ = {
			isa = XCBuildConfiguration;
			buildSettings = {
				BUNDLE_LOADER = "$(TEST_HOST)";
				FRAMEWORK_SEARCH_PATHS = (
					"$(SDKROOT)/Developer/Library/Frameworks",
					"$(inherited)",
				);
				GCC_PREPROCESSOR_DEFINITIONS = (
					"DEBUG=1",
					"$(inherited)",
				);
				INFOPLIST_FILE = GowithMeTests/Info.plist;
				LD_RUNPATH_SEARCH_PATHS = "$(inherited) @executable_path/Frameworks @loader_path/Frameworks";
				PRODUCT_NAME = "$(TARGET_NAME)";
				TEST_HOST = "$(BUILT_PRODUCTS_DIR)/GowithMe.app/GowithMe";
			};
			name = Debug;
		};
		9344D14C1A739C1E00748031 /* Release */ = {
			isa = XCBuildConfiguration;
			buildSettings = {
				BUNDLE_LOADER = "$(TEST_HOST)";
				FRAMEWORK_SEARCH_PATHS = (
					"$(SDKROOT)/Developer/Library/Frameworks",
					"$(inherited)",
				);
				INFOPLIST_FILE = GowithMeTests/Info.plist;
				LD_RUNPATH_SEARCH_PATHS = "$(inherited) @executable_path/Frameworks @loader_path/Frameworks";
				PRODUCT_NAME = "$(TARGET_NAME)";
				TEST_HOST = "$(BUILT_PRODUCTS_DIR)/GowithMe.app/GowithMe";
			};
			name = Release;
		};
/* End XCBuildConfiguration section */

/* Begin XCConfigurationList section */
		9344D1231A739C1E00748031 /* Build configuration list for PBXProject "GowithMe" */ = {
			isa = XCConfigurationList;
			buildConfigurations = (
				9344D1451A739C1E00748031 /* Debug */,
				9344D1461A739C1E00748031 /* Release */,
			);
			defaultConfigurationIsVisible = 0;
			defaultConfigurationName = Release;
		};
		9344D1471A739C1E00748031 /* Build configuration list for PBXNativeTarget "GowithMe" */ = {
			isa = XCConfigurationList;
			buildConfigurations = (
				9344D1481A739C1E00748031 /* Debug */,
				9344D1491A739C1E00748031 /* Release */,
			);
			defaultConfigurationIsVisible = 0;
			defaultConfigurationName = Release;
		};
		9344D14A1A739C1E00748031 /* Build configuration list for PBXNativeTarget "GowithMeTests" */ = {
			isa = XCConfigurationList;
			buildConfigurations = (
				9344D14B1A739C1E00748031 /* Debug */,
				9344D14C1A739C1E00748031 /* Release */,
			);
			defaultConfigurationIsVisible = 0;
			defaultConfigurationName = Release;
		};
/* End XCConfigurationList section */
	};
	rootObject = 9344D1201A739C1E00748031 /* Project object */;
}
